
Microsoft Visual Studio Solution File, Format Version 12.00
# Visual Studio Version 16
VisualStudioVersion = 16.0.29926.136
MinimumVisualStudioVersion = 10.0.40219.1
Project("{FAE04EC0-301F-11D3-BF4B-00C04F79EFBC}") = "ConsoleAppGitTest", "ConsoleAppGitTest.csproj", "{A37095D6-4724-423C-903E-463F8A82707D}"
EndProject
Global
	GlobalSection(SolutionConfigurationPlatforms) = preSolution
		Debug|Any CPU = Debug|Any CPU
		Release|Any CPU = Release|Any CPU
	EndGlobalSection
	GlobalSection(ProjectConfigurationPlatforms) = postSolution
		{A37095D6-4724-423C-903E-463F8A82707D}.Debug|Any CPU.ActiveCfg = Debug|Any CPU
		{A37095D6-4724-423C-903E-463F8A82707D}.Debug|Any CPU.Build.0 = Debug|Any CPU
		{A37095D6-4724-423C-903E-463F8A82707D}.Release|Any CPU.ActiveCfg = Release|Any CPU
		{A37095D6-4724-423C-903E-463F8A82707D}.Release|Any CPU.Build.0 = Release|Any CPU
	EndGlobalSection
	GlobalSection(SolutionProperties) = preSolution
		HideSolutionNode = FALSE
	EndGlobalSection
	GlobalSection(ExtensibilityGlobals) = postSolution
		SolutionGuid = {464E26D0-501F-4911-9B2C-CA8E6C2AFA19}
	EndGlobalSection
EndGlobal
